
Microsoft Visual Studio Solution File, Format Version 12.00
# Visual Studio 2013
VisualStudioVersion = 12.0.40629.0
MinimumVisualStudioVersion = 10.0.40219.1
Project("{2150E333-8FDC-42A3-9474-1A3956D46DE8}") = "General", "General", "{5A959030-0AFF-4BE7-9A33-F4B720F24EB4}"
EndProject
Project("{2150E333-8FDC-42A3-9474-1A3956D46DE8}") = "AreaScanCamera", "AreaScanCamera", "{2B70DBDB-EDA9-4C7F-936A-B7B5A9A4B611}"
EndProject
Project("{2150E333-8FDC-42A3-9474-1A3956D46DE8}") = "LineScanCamera", "LineScanCamera", "{45F86BB9-8E15-4C3C-BAB4-13F8BFC19122}"
EndProject
Project("{2150E333-8FDC-42A3-9474-1A3956D46DE8}") = "FrameGrabber", "FrameGrabber", "{16040ECD-9E44-4049-A762-BA49DD16F132}"
EndProject
Project("{8BC9CEB8-8B4A-11D0-8D11-00A0C91BC942}") = "BasicDemo", "AreaScanCamera\BasicDemo\BasicDemo_VS2013.vcxproj", "{73468676-E870-4512-8BC8-F7F7411DCD29}"
EndProject
Project("{8BC9CEB8-8B4A-11D0-8D11-00A0C91BC942}") = "BasicDemoByGenTL", "AreaScanCamera\BasicDemoByGenTL\BasicDemoByGenTL_VS2013.vcxproj", "{00BEFD57-4942-4BE9-A870-31ABEDC9CBBF}"
EndProject
Project("{8BC9CEB8-8B4A-11D0-8D11-00A0C91BC942}") = "BasicDemoShapes", "AreaScanCamera\BasicDemoShapes\BasicDemoShapes_VS2013.vcxproj", "{5C7B798D-8BC1-4729-B950-1020A742503B}"
EndProject
Project("{8BC9CEB8-8B4A-11D0-8D11-00A0C91BC942}") = "InfraredDemo", "AreaScanCamera\InfraredDemo\InfraredDemo_VS2013.vcxproj", "{93D8BF80-AA9C-45F1-A308-99CE6AE12705}"
EndProject
Project("{8BC9CEB8-8B4A-11D0-8D11-00A0C91BC942}") = "LensShadingCorrection", "AreaScanCamera\LensShadingCorrection\LensShadingCorrection_VS2013.vcxproj", "{051D711C-47FA-42AC-BE2F-41ED835309D8}"
EndProject
Project("{8BC9CEB8-8B4A-11D0-8D11-00A0C91BC942}") = "MultipleCamera", "AreaScanCamera\MultipleCamera\MultipleCamera_VS2013.vcxproj", "{388ABBE8-8909-4C06-AA04-E67C5F107E52}"
EndProject
Project("{8BC9CEB8-8B4A-11D0-8D11-00A0C91BC942}") = "BasicDemoLineScan", "LineScanCamera\BasicDemoLineScan\BasicDemoLineScan_VS2013.vcxproj", "{DB079A01-71EB-48F8-99C2-6DD8C498822E}"
EndProject
Project("{8BC9CEB8-8B4A-11D0-8D11-00A0C91BC942}") = "ChunkData", "General\ChunkData\ChunkData_VS2013.vcxproj", "{6C5F75C3-87FD-4746-867C-855371B546BD}"
EndProject
Project("{8BC9CEB8-8B4A-11D0-8D11-00A0C91BC942}") = "ConnectSpecCamera", "General\ConnectSpecCamera\ConnectSpecCamera_VS2013.vcxproj", "{FBB15AAC-232B-4E3A-8E5E-C595E3E35E63}"
EndProject
Project("{8BC9CEB8-8B4A-11D0-8D11-00A0C91BC942}") = "ConvertPixelType", "General\ConvertPixelType\ConvertPixelType_VS2013.vcxproj", "{2B8CDB38-3EFA-42C0-A86A-FB0DA690DBF9}"
EndProject
Project("{8BC9CEB8-8B4A-11D0-8D11-00A0C91BC942}") = "DynamicallyLoadDLL", "General\DynamicallyLoadDLL\DynamicallyLoadDLL_VS2013.vcxproj", "{D14201EF-F57C-4CD6-812D-BA032096EDF2}"
EndProject
Project("{8BC9CEB8-8B4A-11D0-8D11-00A0C91BC942}") = "Events", "General\Events\Events_VS2013.vcxproj", "{8139D4A8-0A30-46A5-A3EC-0C7584207DDD}"
EndProject
Project("{8BC9CEB8-8B4A-11D0-8D11-00A0C91BC942}") = "Events_Interface", "FrameGrabber\Events_Interface\Events_Interface_VS2013.vcxproj", "{F3D7E036-AEA2-4906-949C-E29ED73479FD}"
EndProject
Project("{8BC9CEB8-8B4A-11D0-8D11-00A0C91BC942}") = "ForceIPEx", "General\ForceIPEx\ForceIPEx_VS2013.vcxproj", "{9074C26E-4965-44BC-A512-84ADE08B6634}"
EndProject
Project("{8BC9CEB8-8B4A-11D0-8D11-00A0C91BC942}") = "Grab_ActionCommand", "General\Grab_ActionCommand\Grab_ActionCommand_VS2013.vcxproj", "{7B4544C6-472E-45D6-BE20-723EA307C5B3}"
EndProject
Project("{8BC9CEB8-8B4A-11D0-8D11-00A0C91BC942}") = "Grab_Asynchronous", "General\Grab_Asynchronous\Grab_Asynchronous_VS2013.vcxproj", "{F7B0B240-17E1-48DD-A30D-629E5A9B6944}"
EndProject
Project("{8BC9CEB8-8B4A-11D0-8D11-00A0C91BC942}") = "Grab_Callback", "General\Grab_Callback\Grab_Callback_VS2013.vcxproj", "{B9221EA4-6D1B-4E00-B6E5-CAC8BAFAC4B5}"
EndProject
Project("{8BC9CEB8-8B4A-11D0-8D11-00A0C91BC942}") = "GrabImage", "General\GrabImage\GrabImage_VS2013.vcxproj", "{D16EB49F-295D-4774-A1B7-C2F6FA371797}"
EndProject
Project("{8BC9CEB8-8B4A-11D0-8D11-00A0C91BC942}") = "GrabImage_Display", "General\GrabImage_Display\GrabImage_Display_VS2013.vcxproj", "{47AC3C0C-E667-495D-BF98-DC9265592D84}"
EndProject
Project("{8BC9CEB8-8B4A-11D0-8D11-00A0C91BC942}") = "GrabStrategies", "General\GrabStrategies\GrabStrategies_VS2013.vcxproj", "{B20A4574-6A50-4E09-B1F3-CD9C4510E55C}"
EndProject
Project("{8BC9CEB8-8B4A-11D0-8D11-00A0C91BC942}") = "HighBandwidthDecode", "General\HighBandwidthDecode\HighBandwidthDecode_VS2013.vcxproj", "{A446FC4B-2242-4A4E-B2A2-3FA6BDD42CCF}"
EndProject
Project("{8BC9CEB8-8B4A-11D0-8D11-00A0C91BC942}") = "ImageContrast", "General\ImageContrast\ImageContrast_VS2013.vcxproj", "{B7C763DF-CC3E-41CA-9FFA-1F4F16B1448A}"
EndProject
Project("{8BC9CEB8-8B4A-11D0-8D11-00A0C91BC942}") = "ImageSave", "General\ImageSave\ImageSave_VS2013.vcxproj", "{EE9F2E5A-0600-495C-8862-AE4F01AB90FD}"
EndProject
Project("{8BC9CEB8-8B4A-11D0-8D11-00A0C91BC942}") = "InterfaceAndDeviceDemo", "FrameGrabber\InterfaceAndDeviceDemo\InterfaceAndDeviceDemo_VS2013.vcxproj", "{C965AE97-6AC6-4348-B088-3EBB45D9D6C0}"
EndProject
Project("{8BC9CEB8-8B4A-11D0-8D11-00A0C91BC942}") = "InterfaceDemo", "FrameGrabber\InterfaceDemo\InterfaceDemo_VS2013.vcxproj", "{863B9F70-8081-4FC7-8023-3FAC4A7BD6B7}"
EndProject
Project("{8BC9CEB8-8B4A-11D0-8D11-00A0C91BC942}") = "MultiCast", "General\MultiCast\MultiCast_VS2013.vcxproj", "{D63125E5-EBB2-4914-AF57-2C7D06368B0F}"
EndProject
Project("{8BC9CEB8-8B4A-11D0-8D11-00A0C91BC942}") = "MultiLightCtrl_ImageStitching", "LineScanCamera\MultiLightCtrl_ImageStitching\MultiLightCtrl_ImageStitching_VS2013.vcxproj", "{6B69EE65-14E4-43AC-8A2D-19B22EF771D3}"
EndProject
Project("{8BC9CEB8-8B4A-11D0-8D11-00A0C91BC942}") = "MultiLightCtrlDemo", "LineScanCamera\MultiLightCtrlDemo\MultiLightCtrlDemo_VS2013.vcxproj", "{F36522CD-9FA3-4B9E-9D85-A299E4A878F7}"
EndProject
Project("{8BC9CEB8-8B4A-11D0-8D11-00A0C91BC942}") = "QuickSoftwareTrigger", "FrameGrabber\QuickSoftwareTrigger\QuickSoftwareTrigger_VS2013.vcxproj", "{D06709CD-992F-468B-8BCB-A6B6399F4FA5}"
EndProject
Project("{8BC9CEB8-8B4A-11D0-8D11-00A0C91BC942}") = "ParametrizeCamera_LineScanIOSettings", "LineScanCamera\ParametrizeCamera_LineScanIOSettings\ParametrizeCamera_LineScanIOSettings_VS2013.vcxproj", "{04797F5B-46E7-42C6-9E4B-1AA63182AAFD}"
EndProject
Project("{8BC9CEB8-8B4A-11D0-8D11-00A0C91BC942}") = "ParametrizeCamera_FileAccess", "General\ParametrizeCamera_FileAccess\ParametrizeCamera_FileAccess_VS2013.vcxproj", "{C9932EC4-7EB4-47A4-8843-B60A69FF9517}"
EndProject
Project("{8BC9CEB8-8B4A-11D0-8D11-00A0C91BC942}") = "ParametrizeCamera_LoadAndSave", "General\ParametrizeCamera_LoadAndSave\ParametrizeCamera_LoadAndSave_VS2013.vcxproj", "{2E22C10C-7132-4BC2-B995-DD350C9F667F}"
EndProject
Project("{8BC9CEB8-8B4A-11D0-8D11-00A0C91BC942}") = "ReconnectDemo", "General\ReconnectDemo\ReconnectDemo_VS2013.vcxproj", "{FB3B72C8-0180-4B2C-B45A-8A66FACBFE19}"
EndProject
Project("{8BC9CEB8-8B4A-11D0-8D11-00A0C91BC942}") = "Recording", "General\Recording\Recording_VS2013.vcxproj", "{F8A44802-60EF-4E06-9168-EC97CC455D5F}"
EndProject
Project("{8BC9CEB8-8B4A-11D0-8D11-00A0C91BC942}") = "ParametrizeCamera_AreaScanIOSettings", "AreaScanCamera\ParametrizeCamera_AreaScanIOSettings\ParametrizeCamera_AreaScanIOSettings_VS2013.vcxproj", "{C2052361-FBD9-41E9-82F9-1E2C48860404}"
EndProject
Global
	GlobalSection(SolutionConfigurationPlatforms) = preSolution
		Debug|Win32 = Debug|Win32
		Debug|x64 = Debug|x64
		Release|Win32 = Release|Win32
		Release|x64 = Release|x64
	EndGlobalSection
	GlobalSection(ProjectConfigurationPlatforms) = postSolution
		{73468676-E870-4512-8BC8-F7F7411DCD29}.Debug|Win32.ActiveCfg = Debug|Win32
		{73468676-E870-4512-8BC8-F7F7411DCD29}.Debug|Win32.Build.0 = Debug|Win32
		{73468676-E870-4512-8BC8-F7F7411DCD29}.Debug|x64.ActiveCfg = Debug|x64
		{73468676-E870-4512-8BC8-F7F7411DCD29}.Debug|x64.Build.0 = Debug|x64
		{73468676-E870-4512-8BC8-F7F7411DCD29}.Release|Win32.ActiveCfg = Release|Win32
		{73468676-E870-4512-8BC8-F7F7411DCD29}.Release|Win32.Build.0 = Release|Win32
		{73468676-E870-4512-8BC8-F7F7411DCD29}.Release|x64.ActiveCfg = Release|x64
		{73468676-E870-4512-8BC8-F7F7411DCD29}.Release|x64.Build.0 = Release|x64
		{00BEFD57-4942-4BE9-A870-31ABEDC9CBBF}.Debug|Win32.ActiveCfg = Debug|Win32
		{00BEFD57-4942-4BE9-A870-31ABEDC9CBBF}.Debug|Win32.Build.0 = Debug|Win32
		{00BEFD57-4942-4BE9-A870-31ABEDC9CBBF}.Debug|x64.ActiveCfg = Debug|x64
		{00BEFD57-4942-4BE9-A870-31ABEDC9CBBF}.Debug|x64.Build.0 = Debug|x64
		{00BEFD57-4942-4BE9-A870-31ABEDC9CBBF}.Release|Win32.ActiveCfg = Release|Win32
		{00BEFD57-4942-4BE9-A870-31ABEDC9CBBF}.Release|Win32.Build.0 = Release|Win32
		{00BEFD57-4942-4BE9-A870-31ABEDC9CBBF}.Release|x64.ActiveCfg = Release|x64
		{00BEFD57-4942-4BE9-A870-31ABEDC9CBBF}.Release|x64.Build.0 = Release|x64
		{5C7B798D-8BC1-4729-B950-1020A742503B}.Debug|Win32.ActiveCfg = Debug|Win32
		{5C7B798D-8BC1-4729-B950-1020A742503B}.Debug|Win32.Build.0 = Debug|Win32
		{5C7B798D-8BC1-4729-B950-1020A742503B}.Debug|x64.ActiveCfg = Debug|x64
		{5C7B798D-8BC1-4729-B950-1020A742503B}.Debug|x64.Build.0 = Debug|x64
		{5C7B798D-8BC1-4729-B950-1020A742503B}.Release|Win32.ActiveCfg = Release|Win32
		{5C7B798D-8BC1-4729-B950-1020A742503B}.Release|Win32.Build.0 = Release|Win32
		{5C7B798D-8BC1-4729-B950-1020A742503B}.Release|x64.ActiveCfg = Release|x64
		{5C7B798D-8BC1-4729-B950-1020A742503B}.Release|x64.Build.0 = Release|x64
		{93D8BF80-AA9C-45F1-A308-99CE6AE12705}.Debug|Win32.ActiveCfg = Debug|Win32
		{93D8BF80-AA9C-45F1-A308-99CE6AE12705}.Debug|Win32.Build.0 = Debug|Win32
		{93D8BF80-AA9C-45F1-A308-99CE6AE12705}.Debug|x64.ActiveCfg = Debug|x64
		{93D8BF80-AA9C-45F1-A308-99CE6AE12705}.Debug|x64.Build.0 = Debug|x64
		{93D8BF80-AA9C-45F1-A308-99CE6AE12705}.Release|Win32.ActiveCfg = Release|Win32
		{93D8BF80-AA9C-45F1-A308-99CE6AE12705}.Release|Win32.Build.0 = Release|Win32
		{93D8BF80-AA9C-45F1-A308-99CE6AE12705}.Release|x64.ActiveCfg = Release|x64
		{93D8BF80-AA9C-45F1-A308-99CE6AE12705}.Release|x64.Build.0 = Release|x64
		{051D711C-47FA-42AC-BE2F-41ED835309D8}.Debug|Win32.ActiveCfg = Debug|Win32
		{051D711C-47FA-42AC-BE2F-41ED835309D8}.Debug|Win32.Build.0 = Debug|Win32
		{051D711C-47FA-42AC-BE2F-41ED835309D8}.Debug|x64.ActiveCfg = Debug|x64
		{051D711C-47FA-42AC-BE2F-41ED835309D8}.Debug|x64.Build.0 = Debug|x64
		{051D711C-47FA-42AC-BE2F-41ED835309D8}.Release|Win32.ActiveCfg = Release|Win32
		{051D711C-47FA-42AC-BE2F-41ED835309D8}.Release|Win32.Build.0 = Release|Win32
		{051D711C-47FA-42AC-BE2F-41ED835309D8}.Release|x64.ActiveCfg = Release|x64
		{051D711C-47FA-42AC-BE2F-41ED835309D8}.Release|x64.Build.0 = Release|x64
		{388ABBE8-8909-4C06-AA04-E67C5F107E52}.Debug|Win32.ActiveCfg = Debug|Win32
		{388ABBE8-8909-4C06-AA04-E67C5F107E52}.Debug|Win32.Build.0 = Debug|Win32
		{388ABBE8-8909-4C06-AA04-E67C5F107E52}.Debug|x64.ActiveCfg = Debug|x64
		{388ABBE8-8909-4C06-AA04-E67C5F107E52}.Debug|x64.Build.0 = Debug|x64
		{388ABBE8-8909-4C06-AA04-E67C5F107E52}.Release|Win32.ActiveCfg = Release|Win32
		{388ABBE8-8909-4C06-AA04-E67C5F107E52}.Release|Win32.Build.0 = Release|Win32
		{388ABBE8-8909-4C06-AA04-E67C5F107E52}.Release|x64.ActiveCfg = Release|x64
		{388ABBE8-8909-4C06-AA04-E67C5F107E52}.Release|x64.Build.0 = Release|x64
		{DB079A01-71EB-48F8-99C2-6DD8C498822E}.Debug|Win32.ActiveCfg = Debug|Win32
		{DB079A01-71EB-48F8-99C2-6DD8C498822E}.Debug|Win32.Build.0 = Debug|Win32
		{DB079A01-71EB-48F8-99C2-6DD8C498822E}.Debug|x64.ActiveCfg = Debug|x64
		{DB079A01-71EB-48F8-99C2-6DD8C498822E}.Debug|x64.Build.0 = Debug|x64
		{DB079A01-71EB-48F8-99C2-6DD8C498822E}.Release|Win32.ActiveCfg = Release|Win32
		{DB079A01-71EB-48F8-99C2-6DD8C498822E}.Release|Win32.Build.0 = Release|Win32
		{DB079A01-71EB-48F8-99C2-6DD8C498822E}.Release|x64.ActiveCfg = Release|x64
		{DB079A01-71EB-48F8-99C2-6DD8C498822E}.Release|x64.Build.0 = Release|x64
		{6C5F75C3-87FD-4746-867C-855371B546BD}.Debug|Win32.ActiveCfg = Debug|Win32
		{6C5F75C3-87FD-4746-867C-855371B546BD}.Debug|Win32.Build.0 = Debug|Win32
		{6C5F75C3-87FD-4746-867C-855371B546BD}.Debug|x64.ActiveCfg = Debug|x64
		{6C5F75C3-87FD-4746-867C-855371B546BD}.Debug|x64.Build.0 = Debug|x64
		{6C5F75C3-87FD-4746-867C-855371B546BD}.Release|Win32.ActiveCfg = Release|Win32
		{6C5F75C3-87FD-4746-867C-855371B546BD}.Release|Win32.Build.0 = Release|Win32
		{6C5F75C3-87FD-4746-867C-855371B546BD}.Release|x64.ActiveCfg = Release|x64
		{6C5F75C3-87FD-4746-867C-855371B546BD}.Release|x64.Build.0 = Release|x64
		{FBB15AAC-232B-4E3A-8E5E-C595E3E35E63}.Debug|Win32.ActiveCfg = Debug|Win32
		{FBB15AAC-232B-4E3A-8E5E-C595E3E35E63}.Debug|Win32.Build.0 = Debug|Win32
		{FBB15AAC-232B-4E3A-8E5E-C595E3E35E63}.Debug|x64.ActiveCfg = Debug|x64
		{FBB15AAC-232B-4E3A-8E5E-C595E3E35E63}.Debug|x64.Build.0 = Debug|x64
		{FBB15AAC-232B-4E3A-8E5E-C595E3E35E63}.Release|Win32.ActiveCfg = Release|Win32
		{FBB15AAC-232B-4E3A-8E5E-C595E3E35E63}.Release|Win32.Build.0 = Release|Win32
		{FBB15AAC-232B-4E3A-8E5E-C595E3E35E63}.Release|x64.ActiveCfg = Release|x64
		{FBB15AAC-232B-4E3A-8E5E-C595E3E35E63}.Release|x64.Build.0 = Release|x64
		{2B8CDB38-3EFA-42C0-A86A-FB0DA690DBF9}.Debug|Win32.ActiveCfg = Debug|Win32
		{2B8CDB38-3EFA-42C0-A86A-FB0DA690DBF9}.Debug|Win32.Build.0 = Debug|Win32
		{2B8CDB38-3EFA-42C0-A86A-FB0DA690DBF9}.Debug|x64.ActiveCfg = Debug|x64
		{2B8CDB38-3EFA-42C0-A86A-FB0DA690DBF9}.Debug|x64.Build.0 = Debug|x64
		{2B8CDB38-3EFA-42C0-A86A-FB0DA690DBF9}.Release|Win32.ActiveCfg = Release|Win32
		{2B8CDB38-3EFA-42C0-A86A-FB0DA690DBF9}.Release|Win32.Build.0 = Release|Win32
		{2B8CDB38-3EFA-42C0-A86A-FB0DA690DBF9}.Release|x64.ActiveCfg = Release|x64
		{2B8CDB38-3EFA-42C0-A86A-FB0DA690DBF9}.Release|x64.Build.0 = Release|x64
		{D14201EF-F57C-4CD6-812D-BA032096EDF2}.Debug|Win32.ActiveCfg = Debug|Win32
		{D14201EF-F57C-4CD6-812D-BA032096EDF2}.Debug|Win32.Build.0 = Debug|Win32
		{D14201EF-F57C-4CD6-812D-BA032096EDF2}.Debug|x64.ActiveCfg = Debug|x64
		{D14201EF-F57C-4CD6-812D-BA032096EDF2}.Debug|x64.Build.0 = Debug|x64
		{D14201EF-F57C-4CD6-812D-BA032096EDF2}.Release|Win32.ActiveCfg = Release|Win32
		{D14201EF-F57C-4CD6-812D-BA032096EDF2}.Release|Win32.Build.0 = Release|Win32
		{D14201EF-F57C-4CD6-812D-BA032096EDF2}.Release|x64.ActiveCfg = Release|x64
		{D14201EF-F57C-4CD6-812D-BA032096EDF2}.Release|x64.Build.0 = Release|x64
		{8139D4A8-0A30-46A5-A3EC-0C7584207DDD}.Debug|Win32.ActiveCfg = Debug|Win32
		{8139D4A8-0A30-46A5-A3EC-0C7584207DDD}.Debug|Win32.Build.0 = Debug|Win32
		{8139D4A8-0A30-46A5-A3EC-0C7584207DDD}.Debug|x64.ActiveCfg = Debug|x64
		{8139D4A8-0A30-46A5-A3EC-0C7584207DDD}.Debug|x64.Build.0 = Debug|x64
		{8139D4A8-0A30-46A5-A3EC-0C7584207DDD}.Release|Win32.ActiveCfg = Release|Win32
		{8139D4A8-0A30-46A5-A3EC-0C7584207DDD}.Release|Win32.Build.0 = Release|Win32
		{8139D4A8-0A30-46A5-A3EC-0C7584207DDD}.Release|x64.ActiveCfg = Release|x64
		{8139D4A8-0A30-46A5-A3EC-0C7584207DDD}.Release|x64.Build.0 = Release|x64
		{F3D7E036-AEA2-4906-949C-E29ED73479FD}.Debug|Win32.ActiveCfg = Debug|Win32
		{F3D7E036-AEA2-4906-949C-E29ED73479FD}.Debug|Win32.Build.0 = Debug|Win32
		{F3D7E036-AEA2-4906-949C-E29ED73479FD}.Debug|x64.ActiveCfg = Debug|x64
		{F3D7E036-AEA2-4906-949C-E29ED73479FD}.Debug|x64.Build.0 = Debug|x64
		{F3D7E036-AEA2-4906-949C-E29ED73479FD}.Release|Win32.ActiveCfg = Release|Win32
		{F3D7E036-AEA2-4906-949C-E29ED73479FD}.Release|Win32.Build.0 = Release|Win32
		{F3D7E036-AEA2-4906-949C-E29ED73479FD}.Release|x64.ActiveCfg = Release|x64
		{F3D7E036-AEA2-4906-949C-E29ED73479FD}.Release|x64.Build.0 = Release|x64
		{9074C26E-4965-44BC-A512-84ADE08B6634}.Debug|Win32.ActiveCfg = Debug|Win32
		{9074C26E-4965-44BC-A512-84ADE08B6634}.Debug|Win32.Build.0 = Debug|Win32
		{9074C26E-4965-44BC-A512-84ADE08B6634}.Debug|x64.ActiveCfg = Debug|x64
		{9074C26E-4965-44BC-A512-84ADE08B6634}.Debug|x64.Build.0 = Debug|x64
		{9074C26E-4965-44BC-A512-84ADE08B6634}.Release|Win32.ActiveCfg = Release|Win32
		{9074C26E-4965-44BC-A512-84ADE08B6634}.Release|Win32.Build.0 = Release|Win32
		{9074C26E-4965-44BC-A512-84ADE08B6634}.Release|x64.ActiveCfg = Release|x64
		{9074C26E-4965-44BC-A512-84ADE08B6634}.Release|x64.Build.0 = Release|x64
		{7B4544C6-472E-45D6-BE20-723EA307C5B3}.Debug|Win32.ActiveCfg = Debug|Win32
		{7B4544C6-472E-45D6-BE20-723EA307C5B3}.Debug|Win32.Build.0 = Debug|Win32
		{7B4544C6-472E-45D6-BE20-723EA307C5B3}.Debug|x64.ActiveCfg = Debug|x64
		{7B4544C6-472E-45D6-BE20-723EA307C5B3}.Debug|x64.Build.0 = Debug|x64
		{7B4544C6-472E-45D6-BE20-723EA307C5B3}.Release|Win32.ActiveCfg = Release|Win32
		{7B4544C6-472E-45D6-BE20-723EA307C5B3}.Release|Win32.Build.0 = Release|Win32
		{7B4544C6-472E-45D6-BE20-723EA307C5B3}.Release|x64.ActiveCfg = Release|x64
		{7B4544C6-472E-45D6-BE20-723EA307C5B3}.Release|x64.Build.0 = Release|x64
		{F7B0B240-17E1-48DD-A30D-629E5A9B6944}.Debug|Win32.ActiveCfg = Debug|Win32
		{F7B0B240-17E1-48DD-A30D-629E5A9B6944}.Debug|Win32.Build.0 = Debug|Win32
		{F7B0B240-17E1-48DD-A30D-629E5A9B6944}.Debug|x64.ActiveCfg = Debug|x64
		{F7B0B240-17E1-48DD-A30D-629E5A9B6944}.Debug|x64.Build.0 = Debug|x64
		{F7B0B240-17E1-48DD-A30D-629E5A9B6944}.Release|Win32.ActiveCfg = Release|Win32
		{F7B0B240-17E1-48DD-A30D-629E5A9B6944}.Release|Win32.Build.0 = Release|Win32
		{F7B0B240-17E1-48DD-A30D-629E5A9B6944}.Release|x64.ActiveCfg = Release|x64
		{F7B0B240-17E1-48DD-A30D-629E5A9B6944}.Release|x64.Build.0 = Release|x64
		{B9221EA4-6D1B-4E00-B6E5-CAC8BAFAC4B5}.Debug|Win32.ActiveCfg = Debug|Win32
		{B9221EA4-6D1B-4E00-B6E5-CAC8BAFAC4B5}.Debug|Win32.Build.0 = Debug|Win32
		{B9221EA4-6D1B-4E00-B6E5-CAC8BAFAC4B5}.Debug|x64.ActiveCfg = Debug|x64
		{B9221EA4-6D1B-4E00-B6E5-CAC8BAFAC4B5}.Debug|x64.Build.0 = Debug|x64
		{B9221EA4-6D1B-4E00-B6E5-CAC8BAFAC4B5}.Release|Win32.ActiveCfg = Release|Win32
		{B9221EA4-6D1B-4E00-B6E5-CAC8BAFAC4B5}.Release|Win32.Build.0 = Release|Win32
		{B9221EA4-6D1B-4E00-B6E5-CAC8BAFAC4B5}.Release|x64.ActiveCfg = Release|x64
		{B9221EA4-6D1B-4E00-B6E5-CAC8BAFAC4B5}.Release|x64.Build.0 = Release|x64
		{D16EB49F-295D-4774-A1B7-C2F6FA371797}.Debug|Win32.ActiveCfg = Debug|Win32
		{D16EB49F-295D-4774-A1B7-C2F6FA371797}.Debug|Win32.Build.0 = Debug|Win32
		{D16EB49F-295D-4774-A1B7-C2F6FA371797}.Debug|x64.ActiveCfg = Debug|x64
		{D16EB49F-295D-4774-A1B7-C2F6FA371797}.Debug|x64.Build.0 = Debug|x64
		{D16EB49F-295D-4774-A1B7-C2F6FA371797}.Release|Win32.ActiveCfg = Release|Win32
		{D16EB49F-295D-4774-A1B7-C2F6FA371797}.Release|Win32.Build.0 = Release|Win32
		{D16EB49F-295D-4774-A1B7-C2F6FA371797}.Release|x64.ActiveCfg = Release|x64
		{D16EB49F-295D-4774-A1B7-C2F6FA371797}.Release|x64.Build.0 = Release|x64
		{47AC3C0C-E667-495D-BF98-DC9265592D84}.Debug|Win32.ActiveCfg = Debug|Win32
		{47AC3C0C-E667-495D-BF98-DC9265592D84}.Debug|Win32.Build.0 = Debug|Win32
		{47AC3C0C-E667-495D-BF98-DC9265592D84}.Debug|x64.ActiveCfg = Debug|x64
		{47AC3C0C-E667-495D-BF98-DC9265592D84}.Debug|x64.Build.0 = Debug|x64
		{47AC3C0C-E667-495D-BF98-DC9265592D84}.Release|Win32.ActiveCfg = Release|Win32
		{47AC3C0C-E667-495D-BF98-DC9265592D84}.Release|Win32.Build.0 = Release|Win32
		{47AC3C0C-E667-495D-BF98-DC9265592D84}.Release|x64.ActiveCfg = Release|x64
		{47AC3C0C-E667-495D-BF98-DC9265592D84}.Release|x64.Build.0 = Release|x64
		{B20A4574-6A50-4E09-B1F3-CD9C4510E55C}.Debug|Win32.ActiveCfg = Debug|Win32
		{B20A4574-6A50-4E09-B1F3-CD9C4510E55C}.Debug|Win32.Build.0 = Debug|Win32
		{B20A4574-6A50-4E09-B1F3-CD9C4510E55C}.Debug|x64.ActiveCfg = Debug|x64
		{B20A4574-6A50-4E09-B1F3-CD9C4510E55C}.Debug|x64.Build.0 = Debug|x64
		{B20A4574-6A50-4E09-B1F3-CD9C4510E55C}.Release|Win32.ActiveCfg = Release|Win32
		{B20A4574-6A50-4E09-B1F3-CD9C4510E55C}.Release|Win32.Build.0 = Release|Win32
		{B20A4574-6A50-4E09-B1F3-CD9C4510E55C}.Release|x64.ActiveCfg = Release|x64
		{B20A4574-6A50-4E09-B1F3-CD9C4510E55C}.Release|x64.Build.0 = Release|x64
		{A446FC4B-2242-4A4E-B2A2-3FA6BDD42CCF}.Debug|Win32.ActiveCfg = Debug|Win32
		{A446FC4B-2242-4A4E-B2A2-3FA6BDD42CCF}.Debug|Win32.Build.0 = Debug|Win32
		{A446FC4B-2242-4A4E-B2A2-3FA6BDD42CCF}.Debug|x64.ActiveCfg = Debug|x64
		{A446FC4B-2242-4A4E-B2A2-3FA6BDD42CCF}.Debug|x64.Build.0 = Debug|x64
		{A446FC4B-2242-4A4E-B2A2-3FA6BDD42CCF}.Release|Win32.ActiveCfg = Release|Win32
		{A446FC4B-2242-4A4E-B2A2-3FA6BDD42CCF}.Release|Win32.Build.0 = Release|Win32
		{A446FC4B-2242-4A4E-B2A2-3FA6BDD42CCF}.Release|x64.ActiveCfg = Release|x64
		{A446FC4B-2242-4A4E-B2A2-3FA6BDD42CCF}.Release|x64.Build.0 = Release|x64
		{B7C763DF-CC3E-41CA-9FFA-1F4F16B1448A}.Debug|Win32.ActiveCfg = Debug|Win32
		{B7C763DF-CC3E-41CA-9FFA-1F4F16B1448A}.Debug|Win32.Build.0 = Debug|Win32
		{B7C763DF-CC3E-41CA-9FFA-1F4F16B1448A}.Debug|x64.ActiveCfg = Debug|x64
		{B7C763DF-CC3E-41CA-9FFA-1F4F16B1448A}.Debug|x64.Build.0 = Debug|x64
		{B7C763DF-CC3E-41CA-9FFA-1F4F16B1448A}.Release|Win32.ActiveCfg = Release|Win32
		{B7C763DF-CC3E-41CA-9FFA-1F4F16B1448A}.Release|Win32.Build.0 = Release|Win32
		{B7C763DF-CC3E-41CA-9FFA-1F4F16B1448A}.Release|x64.ActiveCfg = Release|x64
		{B7C763DF-CC3E-41CA-9FFA-1F4F16B1448A}.Release|x64.Build.0 = Release|x64
		{EE9F2E5A-0600-495C-8862-AE4F01AB90FD}.Debug|Win32.ActiveCfg = Debug|Win32
		{EE9F2E5A-0600-495C-8862-AE4F01AB90FD}.Debug|Win32.Build.0 = Debug|Win32
		{EE9F2E5A-0600-495C-8862-AE4F01AB90FD}.Debug|x64.ActiveCfg = Debug|x64
		{EE9F2E5A-0600-495C-8862-AE4F01AB90FD}.Debug|x64.Build.0 = Debug|x64
		{EE9F2E5A-0600-495C-8862-AE4F01AB90FD}.Release|Win32.ActiveCfg = Release|Win32
		{EE9F2E5A-0600-495C-8862-AE4F01AB90FD}.Release|Win32.Build.0 = Release|Win32
		{EE9F2E5A-0600-495C-8862-AE4F01AB90FD}.Release|x64.ActiveCfg = Release|x64
		{EE9F2E5A-0600-495C-8862-AE4F01AB90FD}.Release|x64.Build.0 = Release|x64
		{C965AE97-6AC6-4348-B088-3EBB45D9D6C0}.Debug|Win32.ActiveCfg = Debug|Win32
		{C965AE97-6AC6-4348-B088-3EBB45D9D6C0}.Debug|Win32.Build.0 = Debug|Win32
		{C965AE97-6AC6-4348-B088-3EBB45D9D6C0}.Debug|x64.ActiveCfg = Debug|x64
		{C965AE97-6AC6-4348-B088-3EBB45D9D6C0}.Debug|x64.Build.0 = Debug|x64
		{C965AE97-6AC6-4348-B088-3EBB45D9D6C0}.Release|Win32.ActiveCfg = Release|Win32
		{C965AE97-6AC6-4348-B088-3EBB45D9D6C0}.Release|Win32.Build.0 = Release|Win32
		{C965AE97-6AC6-4348-B088-3EBB45D9D6C0}.Release|x64.ActiveCfg = Release|x64
		{C965AE97-6AC6-4348-B088-3EBB45D9D6C0}.Release|x64.Build.0 = Release|x64
		{863B9F70-8081-4FC7-8023-3FAC4A7BD6B7}.Debug|Win32.ActiveCfg = Debug|Win32
		{863B9F70-8081-4FC7-8023-3FAC4A7BD6B7}.Debug|Win32.Build.0 = Debug|Win32
		{863B9F70-8081-4FC7-8023-3FAC4A7BD6B7}.Debug|x64.ActiveCfg = Debug|x64
		{863B9F70-8081-4FC7-8023-3FAC4A7BD6B7}.Debug|x64.Build.0 = Debug|x64
		{863B9F70-8081-4FC7-8023-3FAC4A7BD6B7}.Release|Win32.ActiveCfg = Release|Win32
		{863B9F70-8081-4FC7-8023-3FAC4A7BD6B7}.Release|Win32.Build.0 = Release|Win32
		{863B9F70-8081-4FC7-8023-3FAC4A7BD6B7}.Release|x64.ActiveCfg = Release|x64
		{863B9F70-8081-4FC7-8023-3FAC4A7BD6B7}.Release|x64.Build.0 = Release|x64
		{D63125E5-EBB2-4914-AF57-2C7D06368B0F}.Debug|Win32.ActiveCfg = Debug|Win32
		{D63125E5-EBB2-4914-AF57-2C7D06368B0F}.Debug|Win32.Build.0 = Debug|Win32
		{D63125E5-EBB2-4914-AF57-2C7D06368B0F}.Debug|x64.ActiveCfg = Debug|x64
		{D63125E5-EBB2-4914-AF57-2C7D06368B0F}.Debug|x64.Build.0 = Debug|x64
		{D63125E5-EBB2-4914-AF57-2C7D06368B0F}.Release|Win32.ActiveCfg = Release|Win32
		{D63125E5-EBB2-4914-AF57-2C7D06368B0F}.Release|Win32.Build.0 = Release|Win32
		{D63125E5-EBB2-4914-AF57-2C7D06368B0F}.Release|x64.ActiveCfg = Release|x64
		{D63125E5-EBB2-4914-AF57-2C7D06368B0F}.Release|x64.Build.0 = Release|x64
		{6B69EE65-14E4-43AC-8A2D-19B22EF771D3}.Debug|Win32.ActiveCfg = Debug|Win32
		{6B69EE65-14E4-43AC-8A2D-19B22EF771D3}.Debug|Win32.Build.0 = Debug|Win32
		{6B69EE65-14E4-43AC-8A2D-19B22EF771D3}.Debug|x64.ActiveCfg = Debug|x64
		{6B69EE65-14E4-43AC-8A2D-19B22EF771D3}.Debug|x64.Build.0 = Debug|x64
		{6B69EE65-14E4-43AC-8A2D-19B22EF771D3}.Release|Win32.ActiveCfg = Release|Win32
		{6B69EE65-14E4-43AC-8A2D-19B22EF771D3}.Release|Win32.Build.0 = Release|Win32
		{6B69EE65-14E4-43AC-8A2D-19B22EF771D3}.Release|x64.ActiveCfg = Release|x64
		{6B69EE65-14E4-43AC-8A2D-19B22EF771D3}.Release|x64.Build.0 = Release|x64
		{F36522CD-9FA3-4B9E-9D85-A299E4A878F7}.Debug|Win32.ActiveCfg = Debug|Win32
		{F36522CD-9FA3-4B9E-9D85-A299E4A878F7}.Debug|Win32.Build.0 = Debug|Win32
		{F36522CD-9FA3-4B9E-9D85-A299E4A878F7}.Debug|x64.ActiveCfg = Debug|x64
		{F36522CD-9FA3-4B9E-9D85-A299E4A878F7}.Debug|x64.Build.0 = Debug|x64
		{F36522CD-9FA3-4B9E-9D85-A299E4A878F7}.Release|Win32.ActiveCfg = Release|Win32
		{F36522CD-9FA3-4B9E-9D85-A299E4A878F7}.Release|Win32.Build.0 = Release|Win32
		{F36522CD-9FA3-4B9E-9D85-A299E4A878F7}.Release|x64.ActiveCfg = Release|x64
		{F36522CD-9FA3-4B9E-9D85-A299E4A878F7}.Release|x64.Build.0 = Release|x64
		{D06709CD-992F-468B-8BCB-A6B6399F4FA5}.Debug|Win32.ActiveCfg = Debug|Win32
		{D06709CD-992F-468B-8BCB-A6B6399F4FA5}.Debug|Win32.Build.0 = Debug|Win32
		{D06709CD-992F-468B-8BCB-A6B6399F4FA5}.Debug|x64.ActiveCfg = Debug|x64
		{D06709CD-992F-468B-8BCB-A6B6399F4FA5}.Debug|x64.Build.0 = Debug|x64
		{D06709CD-992F-468B-8BCB-A6B6399F4FA5}.Release|Win32.ActiveCfg = Release|Win32
		{D06709CD-992F-468B-8BCB-A6B6399F4FA5}.Release|Win32.Build.0 = Release|Win32
		{D06709CD-992F-468B-8BCB-A6B6399F4FA5}.Release|x64.ActiveCfg = Release|x64
		{D06709CD-992F-468B-8BCB-A6B6399F4FA5}.Release|x64.Build.0 = Release|x64
		{04797F5B-46E7-42C6-9E4B-1AA63182AAFD}.Debug|Win32.ActiveCfg = Debug|Win32
		{04797F5B-46E7-42C6-9E4B-1AA63182AAFD}.Debug|Win32.Build.0 = Debug|Win32
		{04797F5B-46E7-42C6-9E4B-1AA63182AAFD}.Debug|x64.ActiveCfg = Debug|x64
		{04797F5B-46E7-42C6-9E4B-1AA63182AAFD}.Debug|x64.Build.0 = Debug|x64
		{04797F5B-46E7-42C6-9E4B-1AA63182AAFD}.Release|Win32.ActiveCfg = Release|Win32
		{04797F5B-46E7-42C6-9E4B-1AA63182AAFD}.Release|Win32.Build.0 = Release|Win32
		{04797F5B-46E7-42C6-9E4B-1AA63182AAFD}.Release|x64.ActiveCfg = Release|x64
		{04797F5B-46E7-42C6-9E4B-1AA63182AAFD}.Release|x64.Build.0 = Release|x64
		{C9932EC4-7EB4-47A4-8843-B60A69FF9517}.Debug|Win32.ActiveCfg = Debug|Win32
		{C9932EC4-7EB4-47A4-8843-B60A69FF9517}.Debug|Win32.Build.0 = Debug|Win32
		{C9932EC4-7EB4-47A4-8843-B60A69FF9517}.Debug|x64.ActiveCfg = Debug|x64
		{C9932EC4-7EB4-47A4-8843-B60A69FF9517}.Debug|x64.Build.0 = Debug|x64
		{C9932EC4-7EB4-47A4-8843-B60A69FF9517}.Release|Win32.ActiveCfg = Release|Win32
		{C9932EC4-7EB4-47A4-8843-B60A69FF9517}.Release|Win32.Build.0 = Release|Win32
		{C9932EC4-7EB4-47A4-8843-B60A69FF9517}.Release|x64.ActiveCfg = Release|x64
		{C9932EC4-7EB4-47A4-8843-B60A69FF9517}.Release|x64.Build.0 = Release|x64
		{2E22C10C-7132-4BC2-B995-DD350C9F667F}.Debug|Win32.ActiveCfg = Debug|Win32
		{2E22C10C-7132-4BC2-B995-DD350C9F667F}.Debug|Win32.Build.0 = Debug|Win32
		{2E22C10C-7132-4BC2-B995-DD350C9F667F}.Debug|x64.ActiveCfg = Debug|x64
		{2E22C10C-7132-4BC2-B995-DD350C9F667F}.Debug|x64.Build.0 = Debug|x64
		{2E22C10C-7132-4BC2-B995-DD350C9F667F}.Release|Win32.ActiveCfg = Release|Win32
		{2E22C10C-7132-4BC2-B995-DD350C9F667F}.Release|Win32.Build.0 = Release|Win32
		{2E22C10C-7132-4BC2-B995-DD350C9F667F}.Release|x64.ActiveCfg = Release|x64
		{2E22C10C-7132-4BC2-B995-DD350C9F667F}.Release|x64.Build.0 = Release|x64
		{FB3B72C8-0180-4B2C-B45A-8A66FACBFE19}.Debug|Win32.ActiveCfg = Debug|Win32
		{FB3B72C8-0180-4B2C-B45A-8A66FACBFE19}.Debug|Win32.Build.0 = Debug|Win32
		{FB3B72C8-0180-4B2C-B45A-8A66FACBFE19}.Debug|x64.ActiveCfg = Debug|x64
		{FB3B72C8-0180-4B2C-B45A-8A66FACBFE19}.Debug|x64.Build.0 = Debug|x64
		{FB3B72C8-0180-4B2C-B45A-8A66FACBFE19}.Release|Win32.ActiveCfg = Release|Win32
		{FB3B72C8-0180-4B2C-B45A-8A66FACBFE19}.Release|Win32.Build.0 = Release|Win32
		{FB3B72C8-0180-4B2C-B45A-8A66FACBFE19}.Release|x64.ActiveCfg = Release|x64
		{FB3B72C8-0180-4B2C-B45A-8A66FACBFE19}.Release|x64.Build.0 = Release|x64
		{F8A44802-60EF-4E06-9168-EC97CC455D5F}.Debug|Win32.ActiveCfg = Debug|Win32
		{F8A44802-60EF-4E06-9168-EC97CC455D5F}.Debug|Win32.Build.0 = Debug|Win32
		{F8A44802-60EF-4E06-9168-EC97CC455D5F}.Debug|x64.ActiveCfg = Debug|x64
		{F8A44802-60EF-4E06-9168-EC97CC455D5F}.Debug|x64.Build.0 = Debug|x64
		{F8A44802-60EF-4E06-9168-EC97CC455D5F}.Release|Win32.ActiveCfg = Release|Win32
		{F8A44802-60EF-4E06-9168-EC97CC455D5F}.Release|Win32.Build.0 = Release|Win32
		{F8A44802-60EF-4E06-9168-EC97CC455D5F}.Release|x64.ActiveCfg = Release|x64
		{F8A44802-60EF-4E06-9168-EC97CC455D5F}.Release|x64.Build.0 = Release|x64
		{C2052361-FBD9-41E9-82F9-1E2C48860404}.Debug|Win32.ActiveCfg = Debug|Win32
		{C2052361-FBD9-41E9-82F9-1E2C48860404}.Debug|Win32.Build.0 = Debug|Win32
		{C2052361-FBD9-41E9-82F9-1E2C48860404}.Debug|x64.ActiveCfg = Debug|x64
		{C2052361-FBD9-41E9-82F9-1E2C48860404}.Debug|x64.Build.0 = Debug|x64
		{C2052361-FBD9-41E9-82F9-1E2C48860404}.Release|Win32.ActiveCfg = Release|Win32
		{C2052361-FBD9-41E9-82F9-1E2C48860404}.Release|Win32.Build.0 = Release|Win32
		{C2052361-FBD9-41E9-82F9-1E2C48860404}.Release|x64.ActiveCfg = Release|x64
		{C2052361-FBD9-41E9-82F9-1E2C48860404}.Release|x64.Build.0 = Release|x64
	EndGlobalSection
	GlobalSection(SolutionProperties) = preSolution
		HideSolutionNode = FALSE
	EndGlobalSection
	GlobalSection(NestedProjects) = preSolution
		{73468676-E870-4512-8BC8-F7F7411DCD29} = {2B70DBDB-EDA9-4C7F-936A-B7B5A9A4B611}
		{00BEFD57-4942-4BE9-A870-31ABEDC9CBBF} = {2B70DBDB-EDA9-4C7F-936A-B7B5A9A4B611}
		{5C7B798D-8BC1-4729-B950-1020A742503B} = {2B70DBDB-EDA9-4C7F-936A-B7B5A9A4B611}
		{93D8BF80-AA9C-45F1-A308-99CE6AE12705} = {2B70DBDB-EDA9-4C7F-936A-B7B5A9A4B611}
		{051D711C-47FA-42AC-BE2F-41ED835309D8} = {2B70DBDB-EDA9-4C7F-936A-B7B5A9A4B611}
		{388ABBE8-8909-4C06-AA04-E67C5F107E52} = {2B70DBDB-EDA9-4C7F-936A-B7B5A9A4B611}
		{DB079A01-71EB-48F8-99C2-6DD8C498822E} = {45F86BB9-8E15-4C3C-BAB4-13F8BFC19122}
		{6C5F75C3-87FD-4746-867C-855371B546BD} = {5A959030-0AFF-4BE7-9A33-F4B720F24EB4}
		{FBB15AAC-232B-4E3A-8E5E-C595E3E35E63} = {5A959030-0AFF-4BE7-9A33-F4B720F24EB4}
		{2B8CDB38-3EFA-42C0-A86A-FB0DA690DBF9} = {5A959030-0AFF-4BE7-9A33-F4B720F24EB4}
		{D14201EF-F57C-4CD6-812D-BA032096EDF2} = {5A959030-0AFF-4BE7-9A33-F4B720F24EB4}
		{8139D4A8-0A30-46A5-A3EC-0C7584207DDD} = {5A959030-0AFF-4BE7-9A33-F4B720F24EB4}
		{F3D7E036-AEA2-4906-949C-E29ED73479FD} = {16040ECD-9E44-4049-A762-BA49DD16F132}
		{9074C26E-4965-44BC-A512-84ADE08B6634} = {5A959030-0AFF-4BE7-9A33-F4B720F24EB4}
		{7B4544C6-472E-45D6-BE20-723EA307C5B3} = {5A959030-0AFF-4BE7-9A33-F4B720F24EB4}
		{F7B0B240-17E1-48DD-A30D-629E5A9B6944} = {5A959030-0AFF-4BE7-9A33-F4B720F24EB4}
		{B9221EA4-6D1B-4E00-B6E5-CAC8BAFAC4B5} = {5A959030-0AFF-4BE7-9A33-F4B720F24EB4}
		{D16EB49F-295D-4774-A1B7-C2F6FA371797} = {5A959030-0AFF-4BE7-9A33-F4B720F24EB4}
		{47AC3C0C-E667-495D-BF98-DC9265592D84} = {5A959030-0AFF-4BE7-9A33-F4B720F24EB4}
		{B20A4574-6A50-4E09-B1F3-CD9C4510E55C} = {5A959030-0AFF-4BE7-9A33-F4B720F24EB4}
		{A446FC4B-2242-4A4E-B2A2-3FA6BDD42CCF} = {5A959030-0AFF-4BE7-9A33-F4B720F24EB4}
		{B7C763DF-CC3E-41CA-9FFA-1F4F16B1448A} = {5A959030-0AFF-4BE7-9A33-F4B720F24EB4}
		{EE9F2E5A-0600-495C-8862-AE4F01AB90FD} = {5A959030-0AFF-4BE7-9A33-F4B720F24EB4}
		{C965AE97-6AC6-4348-B088-3EBB45D9D6C0} = {16040ECD-9E44-4049-A762-BA49DD16F132}
		{863B9F70-8081-4FC7-8023-3FAC4A7BD6B7} = {16040ECD-9E44-4049-A762-BA49DD16F132}
		{D63125E5-EBB2-4914-AF57-2C7D06368B0F} = {5A959030-0AFF-4BE7-9A33-F4B720F24EB4}
		{6B69EE65-14E4-43AC-8A2D-19B22EF771D3} = {45F86BB9-8E15-4C3C-BAB4-13F8BFC19122}
		{F36522CD-9FA3-4B9E-9D85-A299E4A878F7} = {45F86BB9-8E15-4C3C-BAB4-13F8BFC19122}
		{D06709CD-992F-468B-8BCB-A6B6399F4FA5} = {16040ECD-9E44-4049-A762-BA49DD16F132}
		{04797F5B-46E7-42C6-9E4B-1AA63182AAFD} = {45F86BB9-8E15-4C3C-BAB4-13F8BFC19122}
		{C9932EC4-7EB4-47A4-8843-B60A69FF9517} = {5A959030-0AFF-4BE7-9A33-F4B720F24EB4}
		{2E22C10C-7132-4BC2-B995-DD350C9F667F} = {5A959030-0AFF-4BE7-9A33-F4B720F24EB4}
		{FB3B72C8-0180-4B2C-B45A-8A66FACBFE19} = {5A959030-0AFF-4BE7-9A33-F4B720F24EB4}
		{F8A44802-60EF-4E06-9168-EC97CC455D5F} = {5A959030-0AFF-4BE7-9A33-F4B720F24EB4}
		{C2052361-FBD9-41E9-82F9-1E2C48860404} = {2B70DBDB-EDA9-4C7F-936A-B7B5A9A4B611}
	EndGlobalSection
EndGlobal
